
Microsoft Visual Studio Solution File, Format Version 12.00
# Visual Studio Version 17
VisualStudioVersion = 17.6.33815.320
MinimumVisualStudioVersion = 10.0.40219.1
Project("{FAE04EC0-301F-11D3-BF4B-00C04F79EFBC}") = "BinarySearch", "BinarySearch\BinarySearch.csproj", "{46BF0128-A87A-4BB2-AEE7-9791AC3F53FA}"
EndProject
Global
	GlobalSection(SolutionConfigurationPlatforms) = preSolution
		Debug|Any CPU = Debug|Any CPU
		Release|Any CPU = Release|Any CPU
	EndGlobalSection
	GlobalSection(ProjectConfigurationPlatforms) = postSolution
		{46BF0128-A87A-4BB2-AEE7-9791AC3F53FA}.Debug|Any CPU.ActiveCfg = Debug|Any CPU
		{46BF0128-A87A-4BB2-AEE7-9791AC3F53FA}.Debug|Any CPU.Build.0 = Debug|Any CPU
		{46BF0128-A87A-4BB2-AEE7-9791AC3F53FA}.Release|Any CPU.ActiveCfg = Release|Any CPU
		{46BF0128-A87A-4BB2-AEE7-9791AC3F53FA}.Release|Any CPU.Build.0 = Release|Any CPU
	EndGlobalSection
	GlobalSection(SolutionProperties) = preSolution
		HideSolutionNode = FALSE
	EndGlobalSection
	GlobalSection(ExtensibilityGlobals) = postSolution
		SolutionGuid = {E0DD4954-4681-4F04-AEBF-81C2784E18BB}
	EndGlobalSection
EndGlobal
